
Microsoft Visual Studio Solution File, Format Version 12.00
# Visual Studio for Mac
Project("{FAE04EC0-301F-11D3-BF4B-00C04F79EFBC}") = "Assembly-CSharp", "Assembly-CSharp.csproj", "{F0CCC104-B021-F4B4-0065-9E609C5363DF}"
EndProject
Project("{FAE04EC0-301F-11D3-BF4B-00C04F79EFBC}") = "Assembly-CSharp-firstpass", "Assembly-CSharp-firstpass.csproj", "{81F8F046-F223-A4F5-0769-90EEEE65F5ED}"
EndProject
Global
	GlobalSection(SolutionConfigurationPlatforms) = preSolution
		Debug|Any CPU = Debug|Any CPU
		Release|Any CPU = Release|Any CPU
	EndGlobalSection
	GlobalSection(ProjectConfigurationPlatforms) = postSolution
		{F0CCC104-B021-F4B4-0065-9E609C5363DF}.Debug|Any CPU.ActiveCfg = Debug|Any CPU
		{F0CCC104-B021-F4B4-0065-9E609C5363DF}.Debug|Any CPU.Build.0 = Debug|Any CPU
		{F0CCC104-B021-F4B4-0065-9E609C5363DF}.Release|Any CPU.ActiveCfg = Release|Any CPU
		{F0CCC104-B021-F4B4-0065-9E609C5363DF}.Release|Any CPU.Build.0 = Release|Any CPU
		{81F8F046-F223-A4F5-0769-90EEEE65F5ED}.Debug|Any CPU.ActiveCfg = Debug|Any CPU
		{81F8F046-F223-A4F5-0769-90EEEE65F5ED}.Debug|Any CPU.Build.0 = Debug|Any CPU
		{81F8F046-F223-A4F5-0769-90EEEE65F5ED}.Release|Any CPU.ActiveCfg = Release|Any CPU
		{81F8F046-F223-A4F5-0769-90EEEE65F5ED}.Release|Any CPU.Build.0 = Release|Any CPU
	EndGlobalSection
	GlobalSection(SolutionProperties) = preSolution
		HideSolutionNode = FALSE
	EndGlobalSection
EndGlobal
