// !$*UTF8*$!
{
	archiveVersion = 1;
	classes = {
	};
	objectVersion = 55;
	objects = {

/* Begin PBXBuildFile section */
		40DF4864281ECACA00EAD917 /* AppDelegate.swift in Sources */ = {isa = PBXBuildFile; fileRef = 40DF4863281ECACA00EAD917 /* AppDelegate.swift */; };
		40DF4866281ECACA00EAD917 /* SceneDelegate.swift in Sources */ = {isa = PBXBuildFile; fileRef = 40DF4865281ECACA00EAD917 /* SceneDelegate.swift */; };
		40DF4868281ECACA00EAD917 /* ViewController.swift in Sources */ = {isa = PBXBuildFile; fileRef = 40DF4867281ECACA00EAD917 /* ViewController.swift */; };
		40DF486B281ECACA00EAD917 /* Main.storyboard in Resources */ = {isa = PBXBuildFile; fileRef = 40DF4869281ECACA00EAD917 /* Main.storyboard */; };
		40DF486D281ECACC00EAD917 /* Assets.xcassets in Resources */ = {isa = PBXBuildFile; fileRef = 40DF486C281ECACC00EAD917 /* Assets.xcassets */; };
		40DF4870281ECACC00EAD917 /* LaunchScreen.storyboard in Resources */ = {isa = PBXBuildFile; fileRef = 40DF486E281ECACC00EAD917 /* LaunchScreen.storyboard */; };
		40DF4878281ED1A000EAD917 /* MapAlertViewController.swift in Sources */ = {isa = PBXBuildFile; fileRef = 40DF4877281ED1A000EAD917 /* MapAlertViewController.swift */; };
		40DF487C281ED58300EAD917 /* note.png in Resources */ = {isa = PBXBuildFile; fileRef = 40DF487A281ED58300EAD917 /* note.png */; };
		40DF487D281ED58300EAD917 /* rating5@2x.png in Resources */ = {isa = PBXBuildFile; fileRef = 40DF487B281ED58300EAD917 /* rating5@2x.png */; };
		40DF487F281ED5B500EAD917 /* ImageViewController.swift in Sources */ = {isa = PBXBuildFile; fileRef = 40DF487E281ED5B500EAD917 /* ImageViewController.swift */; };
		40DF4883281EDBA000EAD917 /* ControlViewController.swift in Sources */ = {isa = PBXBuildFile; fileRef = 40DF4882281EDBA000EAD917 /* ControlViewController.swift */; };
/* End PBXBuildFile section */

/* Begin PBXFileReference section */
		40DF4860281ECACA00EAD917 /* Chapter03-Alert.app */ = {isa = PBXFileReference; explicitFileType = wrapper.application; includeInIndex = 0; path = "Chapter03-Alert.app"; sourceTree = BUILT_PRODUCTS_DIR; };
		40DF4863281ECACA00EAD917 /* AppDelegate.swift */ = {isa = PBXFileReference; lastKnownFileType = sourcecode.swift; path = AppDelegate.swift; sourceTree = "<group>"; };
		40DF4865281ECACA00EAD917 /* SceneDelegate.swift */ = {isa = PBXFileReference; lastKnownFileType = sourcecode.swift; path = SceneDelegate.swift; sourceTree = "<group>"; };
		40DF4867281ECACA00EAD917 /* ViewController.swift */ = {isa = PBXFileReference; lastKnownFileType = sourcecode.swift; path = ViewController.swift; sourceTree = "<group>"; };
		40DF486A281ECACA00EAD917 /* Base */ = {isa = PBXFileReference; lastKnownFileType = file.storyboard; name = Base; path = Base.lproj/Main.storyboard; sourceTree = "<group>"; };
		40DF486C281ECACC00EAD917 /* Assets.xcassets */ = {isa = PBXFileReference; lastKnownFileType = folder.assetcatalog; path = Assets.xcassets; sourceTree = "<group>"; };
		40DF486F281ECACC00EAD917 /* Base */ = {isa = PBXFileReference; lastKnownFileType = file.storyboard; name = Base; path = Base.lproj/LaunchScreen.storyboard; sourceTree = "<group>"; };
		40DF4871281ECACC00EAD917 /* Info.plist */ = {isa = PBXFileReference; lastKnownFileType = text.plist.xml; path = Info.plist; sourceTree = "<group>"; };
		40DF4877281ED1A000EAD917 /* MapAlertViewController.swift */ = {isa = PBXFileReference; lastKnownFileType = sourcecode.swift; path = MapAlertViewController.swift; sourceTree = "<group>"; };
		40DF487A281ED58300EAD917 /* note.png */ = {isa = PBXFileReference; lastKnownFileType = image.png; name = note.png; path = "../../../../../Downloads/swift_practice/Chapter03-Alert/Chapter03-Alert/Resources/note.png"; sourceTree = "<group>"; };
		40DF487B281ED58300EAD917 /* rating5@2x.png */ = {isa = PBXFileReference; lastKnownFileType = image.png; name = "rating5@2x.png"; path = "../../../../../Downloads/swift_practice/Chapter03-Alert/Chapter03-Alert/Resources/rating5@2x.png"; sourceTree = "<group>"; };
		40DF487E281ED5B500EAD917 /* ImageViewController.swift */ = {isa = PBXFileReference; lastKnownFileType = sourcecode.swift; path = ImageViewController.swift; sourceTree = "<group>"; };
		40DF4882281EDBA000EAD917 /* ControlViewController.swift */ = {isa = PBXFileReference; lastKnownFileType = sourcecode.swift; path = ControlViewController.swift; sourceTree = "<group>"; };
/* End PBXFileReference section */

/* Begin PBXFrameworksBuildPhase section */
		40DF485D281ECACA00EAD917 /* Frameworks */ = {
			isa = PBXFrameworksBuildPhase;
			buildActionMask = 2147483647;
			files = (
			);
			runOnlyForDeploymentPostprocessing = 0;
		};
/* End PBXFrameworksBuildPhase section */

/* Begin PBXGroup section */
		40DF4857281ECACA00EAD917 = {
			isa = PBXGroup;
			children = (
				40DF4879281ED56D00EAD917 /* Resources */,
				40DF4862281ECACA00EAD917 /* Chapter03-Alert */,
				40DF4861281ECACA00EAD917 /* Products */,
			);
			sourceTree = "<group>";
		};
		40DF4861281ECACA00EAD917 /* Products */ = {
			isa = PBXGroup;
			children = (
				40DF4860281ECACA00EAD917 /* Chapter03-Alert.app */,
			);
			name = Products;
			sourceTree = "<group>";
		};
		40DF4862281ECACA00EAD917 /* Chapter03-Alert */ = {
			isa = PBXGroup;
			children = (
				40DF4863281ECACA00EAD917 /* AppDelegate.swift */,
				40DF4865281ECACA00EAD917 /* SceneDelegate.swift */,
				40DF4867281ECACA00EAD917 /* ViewController.swift */,
				40DF4877281ED1A000EAD917 /* MapAlertViewController.swift */,
				40DF4882281EDBA000EAD917 /* ControlViewController.swift */,
				40DF487E281ED5B500EAD917 /* ImageViewController.swift */,
				40DF4869281ECACA00EAD917 /* Main.storyboard */,
				40DF486C281ECACC00EAD917 /* Assets.xcassets */,
				40DF486E281ECACC00EAD917 /* LaunchScreen.storyboard */,
				40DF4871281ECACC00EAD917 /* Info.plist */,
			);
			path = "Chapter03-Alert";
			sourceTree = "<group>";
		};
		40DF4879281ED56D00EAD917 /* Resources */ = {
			isa = PBXGroup;
			children = (
				40DF487A281ED58300EAD917 /* note.png */,
				40DF487B281ED58300EAD917 /* rating5@2x.png */,
			);
			path = Resources;
			sourceTree = "<group>";
		};
/* End PBXGroup section */

/* Begin PBXNativeTarget section */
		40DF485F281ECACA00EAD917 /* Chapter03-Alert */ = {
			isa = PBXNativeTarget;
			buildConfigurationList = 40DF4874281ECACC00EAD917 /* Build configuration list for PBXNativeTarget "Chapter03-Alert" */;
			buildPhases = (
				40DF485C281ECACA00EAD917 /* Sources */,
				40DF485D281ECACA00EAD917 /* Frameworks */,
				40DF485E281ECACA00EAD917 /* Resources */,
			);
			buildRules = (
			);
			dependencies = (
			);
			name = "Chapter03-Alert";
			productName = "Chapter03-Alert";
			productReference = 40DF4860281ECACA00EAD917 /* Chapter03-Alert.app */;
			productType = "com.apple.product-type.application";
		};
/* End PBXNativeTarget section */

/* Begin PBXProject section */
		40DF4858281ECACA00EAD917 /* Project object */ = {
			isa = PBXProject;
			attributes = {
				BuildIndependentTargetsInParallel = 1;
				LastSwiftUpdateCheck = 1330;
				LastUpgradeCheck = 1330;
				TargetAttributes = {
					40DF485F281ECACA00EAD917 = {
						CreatedOnToolsVersion = 13.3.1;
					};
				};
			};
			buildConfigurationList = 40DF485B281ECACA00EAD917 /* Build configuration list for PBXProject "Chapter03-Alert" */;
			compatibilityVersion = "Xcode 13.0";
			developmentRegion = en;
			hasScannedForEncodings = 0;
			knownRegions = (
				en,
				Base,
			);
			mainGroup = 40DF4857281ECACA00EAD917;
			productRefGroup = 40DF4861281ECACA00EAD917 /* Products */;
			projectDirPath = "";
			projectRoot = "";
			targets = (
				40DF485F281ECACA00EAD917 /* Chapter03-Alert */,
			);
		};
/* End PBXProject section */

/* Begin PBXResourcesBuildPhase section */
		40DF485E281ECACA00EAD917 /* Resources */ = {
			isa = PBXResourcesBuildPhase;
			buildActionMask = 2147483647;
			files = (
				40DF487D281ED58300EAD917 /* rating5@2x.png in Resources */,
				40DF4870281ECACC00EAD917 /* LaunchScreen.storyboard in Resources */,
				40DF487C281ED58300EAD917 /* note.png in Resources */,
				40DF486D281ECACC00EAD917 /* Assets.xcassets in Resources */,
				40DF486B281ECACA00EAD917 /* Main.storyboard in Resources */,
			);
			runOnlyForDeploymentPostprocessing = 0;
		};
/* End PBXResourcesBuildPhase section */

/* Begin PBXSourcesBuildPhase section */
		40DF485C281ECACA00EAD917 /* Sources */ = {
			isa = PBXSourcesBuildPhase;
			buildActionMask = 2147483647;
			files = (
				40DF4878281ED1A000EAD917 /* MapAlertViewController.swift in Sources */,
				40DF4868281ECACA00EAD917 /* ViewController.swift in Sources */,
				40DF487F281ED5B500EAD917 /* ImageViewController.swift in Sources */,
				40DF4864281ECACA00EAD917 /* AppDelegate.swift in Sources */,
				40DF4883281EDBA000EAD917 /* ControlViewController.swift in Sources */,
				40DF4866281ECACA00EAD917 /* SceneDelegate.swift in Sources */,
			);
			runOnlyForDeploymentPostprocessing = 0;
		};
/* End PBXSourcesBuildPhase section */

/* Begin PBXVariantGroup section */
		40DF4869281ECACA00EAD917 /* Main.storyboard */ = {
			isa = PBXVariantGroup;
			children = (
				40DF486A281ECACA00EAD917 /* Base */,
			);
			name = Main.storyboard;
			sourceTree = "<group>";
		};
		40DF486E281ECACC00EAD917 /* LaunchScreen.storyboard */ = {
			isa = PBXVariantGroup;
			children = (
				40DF486F281ECACC00EAD917 /* Base */,
			);
			name = LaunchScreen.storyboard;
			sourceTree = "<group>";
		};
/* End PBXVariantGroup section */

/* Begin XCBuildConfiguration section */
		40DF4872281ECACC00EAD917 /* Debug */ = {
			isa = XCBuildConfiguration;
			buildSettings = {
				ALWAYS_SEARCH_USER_PATHS = NO;
				CLANG_ANALYZER_NONNULL = YES;
				CLANG_ANALYZER_NUMBER_OBJECT_CONVERSION = YES_AGGRESSIVE;
				CLANG_CXX_LANGUAGE_STANDARD = "gnu++17";
				CLANG_ENABLE_MODULES = YES;
				CLANG_ENABLE_OBJC_ARC = YES;
				CLANG_ENABLE_OBJC_WEAK = YES;
				CLANG_WARN_BLOCK_CAPTURE_AUTORELEASING = YES;
				CLANG_WARN_BOOL_CONVERSION = YES;
				CLANG_WARN_COMMA = YES;
				CLANG_WARN_CONSTANT_CONVERSION = YES;
				CLANG_WARN_DEPRECATED_OBJC_IMPLEMENTATIONS = YES;
				CLANG_WARN_DIRECT_OBJC_ISA_USAGE = YES_ERROR;
				CLANG_WARN_DOCUMENTATION_COMMENTS = YES;
				CLANG_WARN_EMPTY_BODY = YES;
				CLANG_WARN_ENUM_CONVERSION = YES;
				CLANG_WARN_INFINITE_RECURSION = YES;
				CLANG_WARN_INT_CONVERSION = YES;
				CLANG_WARN_NON_LITERAL_NULL_CONVERSION = YES;
				CLANG_WARN_OBJC_IMPLICIT_RETAIN_SELF = YES;
				CLANG_WARN_OBJC_LITERAL_CONVERSION = YES;
				CLANG_WARN_OBJC_ROOT_CLASS = YES_ERROR;
				CLANG_WARN_QUOTED_INCLUDE_IN_FRAMEWORK_HEADER = YES;
				CLANG_WARN_RANGE_LOOP_ANALYSIS = YES;
				CLANG_WARN_STRICT_PROTOTYPES = YES;
				CLANG_WARN_SUSPICIOUS_MOVE = YES;
				CLANG_WARN_UNGUARDED_AVAILABILITY = YES_AGGRESSIVE;
				CLANG_WARN_UNREACHABLE_CODE = YES;
				CLANG_WARN__DUPLICATE_METHOD_MATCH = YES;
				COPY_PHASE_STRIP = NO;
				DEBUG_INFORMATION_FORMAT = dwarf;
				ENABLE_STRICT_OBJC_MSGSEND = YES;
				ENABLE_TESTABILITY = YES;
				GCC_C_LANGUAGE_STANDARD = gnu11;
				GCC_DYNAMIC_NO_PIC = NO;
				GCC_NO_COMMON_BLOCKS = YES;
				GCC_OPTIMIZATION_LEVEL = 0;
				GCC_PREPROCESSOR_DEFINITIONS = (
					"DEBUG=1",
					"$(inherited)",
				);
				GCC_WARN_64_TO_32_BIT_CONVERSION = YES;
				GCC_WARN_ABOUT_RETURN_TYPE = YES_ERROR;
				GCC_WARN_UNDECLARED_SELECTOR = YES;
				GCC_WARN_UNINITIALIZED_AUTOS = YES_AGGRESSIVE;
				GCC_WARN_UNUSED_FUNCTION = YES;
				GCC_WARN_UNUSED_VARIABLE = YES;
				IPHONEOS_DEPLOYMENT_TARGET = 15.4;
				MTL_ENABLE_DEBUG_INFO = INCLUDE_SOURCE;
				MTL_FAST_MATH = YES;
				ONLY_ACTIVE_ARCH = YES;
				SDKROOT = iphoneos;
				SWIFT_ACTIVE_COMPILATION_CONDITIONS = DEBUG;
				SWIFT_OPTIMIZATION_LEVEL = "-Onone";
			};
			name = Debug;
		};
		40DF4873281ECACC00EAD917 /* Release */ = {
			isa = XCBuildConfiguration;
			buildSettings = {
				ALWAYS_SEARCH_USER_PATHS = NO;
				CLANG_ANALYZER_NONNULL = YES;
				CLANG_ANALYZER_NUMBER_OBJECT_CONVERSION = YES_AGGRESSIVE;
				CLANG_CXX_LANGUAGE_STANDARD = "gnu++17";
				CLANG_ENABLE_MODULES = YES;
				CLANG_ENABLE_OBJC_ARC = YES;
				CLANG_ENABLE_OBJC_WEAK = YES;
				CLANG_WARN_BLOCK_CAPTURE_AUTORELEASING = YES;
				CLANG_WARN_BOOL_CONVERSION = YES;
				CLANG_WARN_COMMA = YES;
				CLANG_WARN_CONSTANT_CONVERSION = YES;
				CLANG_WARN_DEPRECATED_OBJC_IMPLEMENTATIONS = YES;
				CLANG_WARN_DIRECT_OBJC_ISA_USAGE = YES_ERROR;
				CLANG_WARN_DOCUMENTATION_COMMENTS = YES;
				CLANG_WARN_EMPTY_BODY = YES;
				CLANG_WARN_ENUM_CONVERSION = YES;
				CLANG_WARN_INFINITE_RECURSION = YES;
				CLANG_WARN_INT_CONVERSION = YES;
				CLANG_WARN_NON_LITERAL_NULL_CONVERSION = YES;
				CLANG_WARN_OBJC_IMPLICIT_RETAIN_SELF = YES;
				CLANG_WARN_OBJC_LITERAL_CONVERSION = YES;
				CLANG_WARN_OBJC_ROOT_CLASS = YES_ERROR;
				CLANG_WARN_QUOTED_INCLUDE_IN_FRAMEWORK_HEADER = YES;
				CLANG_WARN_RANGE_LOOP_ANALYSIS = YES;
				CLANG_WARN_STRICT_PROTOTYPES = YES;
				CLANG_WARN_SUSPICIOUS_MOVE = YES;
				CLANG_WARN_UNGUARDED_AVAILABILITY = YES_AGGRESSIVE;
				CLANG_WARN_UNREACHABLE_CODE = YES;
				CLANG_WARN__DUPLICATE_METHOD_MATCH = YES;
				COPY_PHASE_STRIP = NO;
				DEBUG_INFORMATION_FORMAT = "dwarf-with-dsym";
				ENABLE_NS_ASSERTIONS = NO;
				ENABLE_STRICT_OBJC_MSGSEND = YES;
				GCC_C_LANGUAGE_STANDARD = gnu11;
				GCC_NO_COMMON_BLOCKS = YES;
				GCC_WARN_64_TO_32_BIT_CONVERSION = YES;
				GCC_WARN_ABOUT_RETURN_TYPE = YES_ERROR;
				GCC_WARN_UNDECLARED_SELECTOR = YES;
				GCC_WARN_UNINITIALIZED_AUTOS = YES_AGGRESSIVE;
				GCC_WARN_UNUSED_FUNCTION = YES;
				GCC_WARN_UNUSED_VARIABLE = YES;
				IPHONEOS_DEPLOYMENT_TARGET = 15.4;
				MTL_ENABLE_DEBUG_INFO = NO;
				MTL_FAST_MATH = YES;
				SDKROOT = iphoneos;
				SWIFT_COMPILATION_MODE = wholemodule;
				SWIFT_OPTIMIZATION_LEVEL = "-O";
				VALIDATE_PRODUCT = YES;
			};
			name = Release;
		};
		40DF4875281ECACC00EAD917 /* Debug */ = {
			isa = XCBuildConfiguration;
			buildSettings = {
				ASSETCATALOG_COMPILER_APPICON_NAME = AppIcon;
				ASSETCATALOG_COMPILER_GLOBAL_ACCENT_COLOR_NAME = AccentColor;
				CODE_SIGN_STYLE = Automatic;
				CURRENT_PROJECT_VERSION = 1;
				DEVELOPMENT_TEAM = MGZ9CPP37W;
				GENERATE_INFOPLIST_FILE = YES;
				INFOPLIST_FILE = "Chapter03-Alert/Info.plist";
				INFOPLIST_KEY_UIApplicationSupportsIndirectInputEvents = YES;
				INFOPLIST_KEY_UILaunchStoryboardName = LaunchScreen;
				INFOPLIST_KEY_UIMainStoryboardFile = Main;
				INFOPLIST_KEY_UISupportedInterfaceOrientations_iPad = "UIInterfaceOrientationPortrait UIInterfaceOrientationPortraitUpsideDown UIInterfaceOrientationLandscapeLeft UIInterfaceOrientationLandscapeRight";
				INFOPLIST_KEY_UISupportedInterfaceOrientations_iPhone = "UIInterfaceOrientationPortrait UIInterfaceOrientationLandscapeLeft UIInterfaceOrientationLandscapeRight";
				LD_RUNPATH_SEARCH_PATHS = (
					"$(inherited)",
					"@executable_path/Frameworks",
				);
				MARKETING_VERSION = 1.0;
				PRODUCT_BUNDLE_IDENTIFIER = "com.comfunny.Chapter03-Alert";
				PRODUCT_NAME = "$(TARGET_NAME)";
				SWIFT_EMIT_LOC_STRINGS = YES;
				SWIFT_VERSION = 5.0;
				TARGETED_DEVICE_FAMILY = "1,2";
			};
			name = Debug;
		};
		40DF4876281ECACC00EAD917 /* Release */ = {
			isa = XCBuildConfiguration;
			buildSettings = {
				ASSETCATALOG_COMPILER_APPICON_NAME = AppIcon;
				ASSETCATALOG_COMPILER_GLOBAL_ACCENT_COLOR_NAME = AccentColor;
				CODE_SIGN_STYLE = Automatic;
				CURRENT_PROJECT_VERSION = 1;
				DEVELOPMENT_TEAM = MGZ9CPP37W;
				GENERATE_INFOPLIST_FILE = YES;
				INFOPLIST_FILE = "Chapter03-Alert/Info.plist";
				INFOPLIST_KEY_UIApplicationSupportsIndirectInputEvents = YES;
				INFOPLIST_KEY_UILaunchStoryboardName = LaunchScreen;
				INFOPLIST_KEY_UIMainStoryboardFile = Main;
				INFOPLIST_KEY_UISupportedInterfaceOrientations_iPad = "UIInterfaceOrientationPortrait UIInterfaceOrientationPortraitUpsideDown UIInterfaceOrientationLandscapeLeft UIInterfaceOrientationLandscapeRight";
				INFOPLIST_KEY_UISupportedInterfaceOrientations_iPhone = "UIInterfaceOrientationPortrait UIInterfaceOrientationLandscapeLeft UIInterfaceOrientationLandscapeRight";
				LD_RUNPATH_SEARCH_PATHS = (
					"$(inherited)",
					"@executable_path/Frameworks",
				);
				MARKETING_VERSION = 1.0;
				PRODUCT_BUNDLE_IDENTIFIER = "com.comfunny.Chapter03-Alert";
				PRODUCT_NAME = "$(TARGET_NAME)";
				SWIFT_EMIT_LOC_STRINGS = YES;
				SWIFT_VERSION = 5.0;
				TARGETED_DEVICE_FAMILY = "1,2";
			};
			name = Release;
		};
/* End XCBuildConfiguration section */

/* Begin XCConfigurationList section */
		40DF485B281ECACA00EAD917 /* Build configuration list for PBXProject "Chapter03-Alert" */ = {
			isa = XCConfigurationList;
			buildConfigurations = (
				40DF4872281ECACC00EAD917 /* Debug */,
				40DF4873281ECACC00EAD917 /* Release */,
			);
			defaultConfigurationIsVisible = 0;
			defaultConfigurationName = Release;
		};
		40DF4874281ECACC00EAD917 /* Build configuration list for PBXNativeTarget "Chapter03-Alert" */ = {
			isa = XCConfigurationList;
			buildConfigurations = (
				40DF4875281ECACC00EAD917 /* Debug */,
				40DF4876281ECACC00EAD917 /* Release */,
			);
			defaultConfigurationIsVisible = 0;
			defaultConfigurationName = Release;
		};
/* End XCConfigurationList section */
	};
	rootObject = 40DF4858281ECACA00EAD917 /* Project object */;
}
