
Microsoft Visual Studio Solution File, Format Version 12.00
# Visual Studio for Mac
Project("{FAE04EC0-301F-11D3-BF4B-00C04F79EFBC}") = "Assembly-CSharp", "Assembly-CSharp.csproj", "{5FBD0EC2-AABB-830B-BC4E-29BBE86815DE}"
EndProject
Project("{FAE04EC0-301F-11D3-BF4B-00C04F79EFBC}") = "PlayerAD", "PlayerAD.csproj", "{E1D7AD3B-5E89-BEDC-D2EB-67C8390835A4}"
EndProject
Project("{FAE04EC0-301F-11D3-BF4B-00C04F79EFBC}") = "StageAD", "StageAD.csproj", "{55E3588A-C3E0-B257-417A-EE3C632BCAA1}"
EndProject
Project("{FAE04EC0-301F-11D3-BF4B-00C04F79EFBC}") = "CommonAD", "CommonAD.csproj", "{189744A0-2EF4-F624-FE49-EDDB1F18E54D}"
EndProject
Project("{FAE04EC0-301F-11D3-BF4B-00C04F79EFBC}") = "EnermyAD", "EnermyAD.csproj", "{725CD28C-B2C4-963F-9A24-4B4ED8601257}"
EndProject
Project("{FAE04EC0-301F-11D3-BF4B-00C04F79EFBC}") = "MainAD", "MainAD.csproj", "{FAACBC34-E295-4B73-B383-6E1DF7DA3D07}"
EndProject
Global
	GlobalSection(SolutionConfigurationPlatforms) = preSolution
		Debug|Any CPU = Debug|Any CPU
		Release|Any CPU = Release|Any CPU
	EndGlobalSection
	GlobalSection(ProjectConfigurationPlatforms) = postSolution
		{5FBD0EC2-AABB-830B-BC4E-29BBE86815DE}.Debug|Any CPU.ActiveCfg = Debug|Any CPU
		{5FBD0EC2-AABB-830B-BC4E-29BBE86815DE}.Debug|Any CPU.Build.0 = Debug|Any CPU
		{5FBD0EC2-AABB-830B-BC4E-29BBE86815DE}.Release|Any CPU.ActiveCfg = Release|Any CPU
		{5FBD0EC2-AABB-830B-BC4E-29BBE86815DE}.Release|Any CPU.Build.0 = Release|Any CPU
		{E1D7AD3B-5E89-BEDC-D2EB-67C8390835A4}.Debug|Any CPU.ActiveCfg = Debug|Any CPU
		{E1D7AD3B-5E89-BEDC-D2EB-67C8390835A4}.Debug|Any CPU.Build.0 = Debug|Any CPU
		{E1D7AD3B-5E89-BEDC-D2EB-67C8390835A4}.Release|Any CPU.ActiveCfg = Release|Any CPU
		{E1D7AD3B-5E89-BEDC-D2EB-67C8390835A4}.Release|Any CPU.Build.0 = Release|Any CPU
		{55E3588A-C3E0-B257-417A-EE3C632BCAA1}.Debug|Any CPU.ActiveCfg = Debug|Any CPU
		{55E3588A-C3E0-B257-417A-EE3C632BCAA1}.Debug|Any CPU.Build.0 = Debug|Any CPU
		{55E3588A-C3E0-B257-417A-EE3C632BCAA1}.Release|Any CPU.ActiveCfg = Release|Any CPU
		{55E3588A-C3E0-B257-417A-EE3C632BCAA1}.Release|Any CPU.Build.0 = Release|Any CPU
		{189744A0-2EF4-F624-FE49-EDDB1F18E54D}.Debug|Any CPU.ActiveCfg = Debug|Any CPU
		{189744A0-2EF4-F624-FE49-EDDB1F18E54D}.Debug|Any CPU.Build.0 = Debug|Any CPU
		{189744A0-2EF4-F624-FE49-EDDB1F18E54D}.Release|Any CPU.ActiveCfg = Release|Any CPU
		{189744A0-2EF4-F624-FE49-EDDB1F18E54D}.Release|Any CPU.Build.0 = Release|Any CPU
		{725CD28C-B2C4-963F-9A24-4B4ED8601257}.Debug|Any CPU.ActiveCfg = Debug|Any CPU
		{725CD28C-B2C4-963F-9A24-4B4ED8601257}.Debug|Any CPU.Build.0 = Debug|Any CPU
		{725CD28C-B2C4-963F-9A24-4B4ED8601257}.Release|Any CPU.ActiveCfg = Release|Any CPU
		{725CD28C-B2C4-963F-9A24-4B4ED8601257}.Release|Any CPU.Build.0 = Release|Any CPU
		{FAACBC34-E295-4B73-B383-6E1DF7DA3D07}.Debug|Any CPU.ActiveCfg = Debug|Any CPU
		{FAACBC34-E295-4B73-B383-6E1DF7DA3D07}.Debug|Any CPU.Build.0 = Debug|Any CPU
		{FAACBC34-E295-4B73-B383-6E1DF7DA3D07}.Release|Any CPU.ActiveCfg = Release|Any CPU
		{FAACBC34-E295-4B73-B383-6E1DF7DA3D07}.Release|Any CPU.Build.0 = Release|Any CPU
	EndGlobalSection
	GlobalSection(SolutionProperties) = preSolution
		HideSolutionNode = FALSE
	EndGlobalSection
	GlobalSection(MonoDevelopProperties) = preSolution
		StartupItem = Assembly-CSharp.csproj
	EndGlobalSection
EndGlobal
